
Microsoft Visual Studio Solution File, Format Version 12.00
# Visual Studio 15
VisualStudioVersion = 15.0.27428.2037
MinimumVisualStudioVersion = 10.0.40219.1
Project("{2150E333-8FDC-42A3-9474-1A3956D46DE8}") = "Presentation", "Presentation", "{B0E02411-CCDE-4EB4-AA43-7080283C1D6C}"
EndProject
Project("{2150E333-8FDC-42A3-9474-1A3956D46DE8}") = "Business", "Business", "{E8247EB6-D330-45F5-874C-C13B92C4AEB6}"
EndProject
Project("{2150E333-8FDC-42A3-9474-1A3956D46DE8}") = "Data", "Data", "{3872EFB0-D718-4C6C-9204-54D722144F28}"
EndProject
Project("{2150E333-8FDC-42A3-9474-1A3956D46DE8}") = "Tests", "Tests", "{EC8653B9-1B75-4C85-9B96-65CEE4889ED4}"
EndProject
Project("{9A19103F-16F7-4668-BE54-9A1E7A4F7556}") = "RTWTR.MVC", "RTWTR.MVC\RTWTR.MVC.csproj", "{86F70943-B71D-43E1-BDCF-BD514D7817FF}"
EndProject
Project("{9A19103F-16F7-4668-BE54-9A1E7A4F7556}") = "RTWTR.Data", "RTWTR.Data\RTWTR.Data.csproj", "{99FDB809-5C21-4C1F-8848-4551409FE6FE}"
EndProject
Project("{9A19103F-16F7-4668-BE54-9A1E7A4F7556}") = "RTWTR.Data.Models", "RTWTR.Data.Models\RTWTR.Data.Models.csproj", "{BF915313-CFB7-40AB-A4B3-96695A5A7730}"
EndProject
Project("{9A19103F-16F7-4668-BE54-9A1E7A4F7556}") = "RTWTR.DTO", "RTWTR.DTO\RTWTR.DTO.csproj", "{931D2C41-B303-4196-A7A0-669653DD2A01}"
EndProject
Project("{9A19103F-16F7-4668-BE54-9A1E7A4F7556}") = "RTWTR.Infrastructure", "RTWTR.Infrastructure\RTWTR.Infrastructure.csproj", "{1F46ED88-542C-45B9-9141-2EA57C0744CE}"
EndProject
Project("{9A19103F-16F7-4668-BE54-9A1E7A4F7556}") = "RTWTR.Service.Data", "RTWTR.Service.Data\RTWTR.Service.Data.csproj", "{23D3CB6B-59B6-493A-BB0C-68F6E2CFB222}"
EndProject
Project("{9A19103F-16F7-4668-BE54-9A1E7A4F7556}") = "RTWTR.Service.Twitter", "RTWTR.Service.Twitter\RTWTR.Service.Twitter.csproj", "{0A50A5E1-0669-451F-B22E-8A00F4AC6DB7}"
EndProject
Project("{9A19103F-16F7-4668-BE54-9A1E7A4F7556}") = "RTWTR.Service.External", "RTWTR.Service.External\RTWTR.Service.External.csproj", "{3243A789-1F78-4DD1-B630-D29939B5457D}"
EndProject
Project("{FAE04EC0-301F-11D3-BF4B-00C04F79EFBC}") = "RTWTR.Data.Access", "RTWTR.Data.Access\RTWTR.Data.Access.csproj", "{7C8AC972-5033-4235-BDCC-EDE933FD1FA0}"
EndProject
Global
	GlobalSection(SolutionConfigurationPlatforms) = preSolution
		Debug|Any CPU = Debug|Any CPU
		Release|Any CPU = Release|Any CPU
	EndGlobalSection
	GlobalSection(ProjectConfigurationPlatforms) = postSolution
		{86F70943-B71D-43E1-BDCF-BD514D7817FF}.Debug|Any CPU.ActiveCfg = Debug|Any CPU
		{86F70943-B71D-43E1-BDCF-BD514D7817FF}.Debug|Any CPU.Build.0 = Debug|Any CPU
		{86F70943-B71D-43E1-BDCF-BD514D7817FF}.Release|Any CPU.ActiveCfg = Release|Any CPU
		{86F70943-B71D-43E1-BDCF-BD514D7817FF}.Release|Any CPU.Build.0 = Release|Any CPU
		{99FDB809-5C21-4C1F-8848-4551409FE6FE}.Debug|Any CPU.ActiveCfg = Debug|Any CPU
		{99FDB809-5C21-4C1F-8848-4551409FE6FE}.Debug|Any CPU.Build.0 = Debug|Any CPU
		{99FDB809-5C21-4C1F-8848-4551409FE6FE}.Release|Any CPU.ActiveCfg = Release|Any CPU
		{99FDB809-5C21-4C1F-8848-4551409FE6FE}.Release|Any CPU.Build.0 = Release|Any CPU
		{BF915313-CFB7-40AB-A4B3-96695A5A7730}.Debug|Any CPU.ActiveCfg = Debug|Any CPU
		{BF915313-CFB7-40AB-A4B3-96695A5A7730}.Debug|Any CPU.Build.0 = Debug|Any CPU
		{BF915313-CFB7-40AB-A4B3-96695A5A7730}.Release|Any CPU.ActiveCfg = Release|Any CPU
		{BF915313-CFB7-40AB-A4B3-96695A5A7730}.Release|Any CPU.Build.0 = Release|Any CPU
		{931D2C41-B303-4196-A7A0-669653DD2A01}.Debug|Any CPU.ActiveCfg = Debug|Any CPU
		{931D2C41-B303-4196-A7A0-669653DD2A01}.Debug|Any CPU.Build.0 = Debug|Any CPU
		{931D2C41-B303-4196-A7A0-669653DD2A01}.Release|Any CPU.ActiveCfg = Release|Any CPU
		{931D2C41-B303-4196-A7A0-669653DD2A01}.Release|Any CPU.Build.0 = Release|Any CPU
		{1F46ED88-542C-45B9-9141-2EA57C0744CE}.Debug|Any CPU.ActiveCfg = Debug|Any CPU
		{1F46ED88-542C-45B9-9141-2EA57C0744CE}.Debug|Any CPU.Build.0 = Debug|Any CPU
		{1F46ED88-542C-45B9-9141-2EA57C0744CE}.Release|Any CPU.ActiveCfg = Release|Any CPU
		{1F46ED88-542C-45B9-9141-2EA57C0744CE}.Release|Any CPU.Build.0 = Release|Any CPU
		{23D3CB6B-59B6-493A-BB0C-68F6E2CFB222}.Debug|Any CPU.ActiveCfg = Debug|Any CPU
		{23D3CB6B-59B6-493A-BB0C-68F6E2CFB222}.Debug|Any CPU.Build.0 = Debug|Any CPU
		{23D3CB6B-59B6-493A-BB0C-68F6E2CFB222}.Release|Any CPU.ActiveCfg = Release|Any CPU
		{23D3CB6B-59B6-493A-BB0C-68F6E2CFB222}.Release|Any CPU.Build.0 = Release|Any CPU
		{0A50A5E1-0669-451F-B22E-8A00F4AC6DB7}.Debug|Any CPU.ActiveCfg = Debug|Any CPU
		{0A50A5E1-0669-451F-B22E-8A00F4AC6DB7}.Debug|Any CPU.Build.0 = Debug|Any CPU
		{0A50A5E1-0669-451F-B22E-8A00F4AC6DB7}.Release|Any CPU.ActiveCfg = Release|Any CPU
		{0A50A5E1-0669-451F-B22E-8A00F4AC6DB7}.Release|Any CPU.Build.0 = Release|Any CPU
		{3243A789-1F78-4DD1-B630-D29939B5457D}.Debug|Any CPU.ActiveCfg = Debug|Any CPU
		{3243A789-1F78-4DD1-B630-D29939B5457D}.Debug|Any CPU.Build.0 = Debug|Any CPU
		{3243A789-1F78-4DD1-B630-D29939B5457D}.Release|Any CPU.ActiveCfg = Release|Any CPU
		{3243A789-1F78-4DD1-B630-D29939B5457D}.Release|Any CPU.Build.0 = Release|Any CPU
		{7C8AC972-5033-4235-BDCC-EDE933FD1FA0}.Debug|Any CPU.ActiveCfg = Debug|Any CPU
		{7C8AC972-5033-4235-BDCC-EDE933FD1FA0}.Debug|Any CPU.Build.0 = Debug|Any CPU
		{7C8AC972-5033-4235-BDCC-EDE933FD1FA0}.Release|Any CPU.ActiveCfg = Release|Any CPU
		{7C8AC972-5033-4235-BDCC-EDE933FD1FA0}.Release|Any CPU.Build.0 = Release|Any CPU
	EndGlobalSection
	GlobalSection(SolutionProperties) = preSolution
		HideSolutionNode = FALSE
	EndGlobalSection
	GlobalSection(NestedProjects) = preSolution
		{86F70943-B71D-43E1-BDCF-BD514D7817FF} = {B0E02411-CCDE-4EB4-AA43-7080283C1D6C}
		{99FDB809-5C21-4C1F-8848-4551409FE6FE} = {3872EFB0-D718-4C6C-9204-54D722144F28}
		{BF915313-CFB7-40AB-A4B3-96695A5A7730} = {3872EFB0-D718-4C6C-9204-54D722144F28}
		{931D2C41-B303-4196-A7A0-669653DD2A01} = {E8247EB6-D330-45F5-874C-C13B92C4AEB6}
		{1F46ED88-542C-45B9-9141-2EA57C0744CE} = {E8247EB6-D330-45F5-874C-C13B92C4AEB6}
		{23D3CB6B-59B6-493A-BB0C-68F6E2CFB222} = {E8247EB6-D330-45F5-874C-C13B92C4AEB6}
		{0A50A5E1-0669-451F-B22E-8A00F4AC6DB7} = {E8247EB6-D330-45F5-874C-C13B92C4AEB6}
		{3243A789-1F78-4DD1-B630-D29939B5457D} = {E8247EB6-D330-45F5-874C-C13B92C4AEB6}
		{7C8AC972-5033-4235-BDCC-EDE933FD1FA0} = {3872EFB0-D718-4C6C-9204-54D722144F28}
	EndGlobalSection
	GlobalSection(ExtensibilityGlobals) = postSolution
		SolutionGuid = {DDADA620-327A-482E-8385-75D9087D312D}
	EndGlobalSection
EndGlobal
