
Microsoft Visual Studio Solution File, Format Version 12.00
# Visual Studio 15
VisualStudioVersion = 15.0.27428.2015
MinimumVisualStudioVersion = 10.0.40219.1
Project("{9A19103F-16F7-4668-BE54-9A1E7A4F7556}") = "RTWTR.MVC", "RTWTR.MVC\RTWTR.MVC.csproj", "{8CE20DE5-3FA6-480D-ADB3-AF50C4D6412C}"
EndProject
Project("{9A19103F-16F7-4668-BE54-9A1E7A4F7556}") = "RTWTR.Data", "RTWTR.Data\RTWTR.Data.csproj", "{D71633D5-D35F-48EE-8088-E7E2E67B337A}"
EndProject
Project("{9A19103F-16F7-4668-BE54-9A1E7A4F7556}") = "RTWTR.Service.Data", "RTWTR.Service\RTWTR.Service.Data.csproj", "{067359AA-7825-4425-AA71-420329760BF5}"
EndProject
Project("{9A19103F-16F7-4668-BE54-9A1E7A4F7556}") = "RTWTR.Service.Twitter", "RTWTR.Service.Twitter\RTWTR.Service.Twitter.csproj", "{72D1C12A-CB56-4A0A-B4BC-2E3280672145}"
EndProject
Project("{9A19103F-16F7-4668-BE54-9A1E7A4F7556}") = "RTWTR.DTO", "RTWTR.DTO\RTWTR.DTO.csproj", "{0768C0E9-C7E2-4492-96E1-AB157D1A9074}"
EndProject
Project("{9A19103F-16F7-4668-BE54-9A1E7A4F7556}") = "RTWTR.Tests", "RTWTR.Tests\RTWTR.Tests.csproj", "{7EED6901-4414-44CC-A488-CC60E2EF6E31}"
EndProject
Project("{9A19103F-16F7-4668-BE54-9A1E7A4F7556}") = "RTWTR.Data.Models", "RTWTR.Data.Models\RTWTR.Data.Models.csproj", "{757CABE7-07A4-45DF-B399-DAD8D9BE3113}"
EndProject
Project("{9A19103F-16F7-4668-BE54-9A1E7A4F7556}") = "RTWTR.Infrastructure", "RTWTR.Infrastructure\RTWTR.Infrastructure.csproj", "{93E30F01-CD12-4C76-B0F5-2639A59FA944}"
EndProject
Project("{2150E333-8FDC-42A3-9474-1A3956D46DE8}") = "Business", "Business", "{1F23C485-B362-4F7E-8A15-7B85EC648808}"
EndProject
Project("{2150E333-8FDC-42A3-9474-1A3956D46DE8}") = "Data", "Data", "{A80C87AC-D7FC-4A4C-A080-1E60927F0797}"
EndProject
Project("{2150E333-8FDC-42A3-9474-1A3956D46DE8}") = "Presentation", "Presentation", "{A322DCCA-4448-49E9-A27F-D39E88839B08}"
EndProject
Project("{2150E333-8FDC-42A3-9474-1A3956D46DE8}") = "Tests", "Tests", "{3E2C841A-913C-4678-BCA4-2E426EEAAF53}"
EndProject
Global
	GlobalSection(SolutionConfigurationPlatforms) = preSolution
		Debug|Any CPU = Debug|Any CPU
		Release|Any CPU = Release|Any CPU
	EndGlobalSection
	GlobalSection(ProjectConfigurationPlatforms) = postSolution
		{8CE20DE5-3FA6-480D-ADB3-AF50C4D6412C}.Debug|Any CPU.ActiveCfg = Debug|Any CPU
		{8CE20DE5-3FA6-480D-ADB3-AF50C4D6412C}.Debug|Any CPU.Build.0 = Debug|Any CPU
		{8CE20DE5-3FA6-480D-ADB3-AF50C4D6412C}.Release|Any CPU.ActiveCfg = Release|Any CPU
		{8CE20DE5-3FA6-480D-ADB3-AF50C4D6412C}.Release|Any CPU.Build.0 = Release|Any CPU
		{D71633D5-D35F-48EE-8088-E7E2E67B337A}.Debug|Any CPU.ActiveCfg = Debug|Any CPU
		{D71633D5-D35F-48EE-8088-E7E2E67B337A}.Debug|Any CPU.Build.0 = Debug|Any CPU
		{D71633D5-D35F-48EE-8088-E7E2E67B337A}.Release|Any CPU.ActiveCfg = Release|Any CPU
		{D71633D5-D35F-48EE-8088-E7E2E67B337A}.Release|Any CPU.Build.0 = Release|Any CPU
		{067359AA-7825-4425-AA71-420329760BF5}.Debug|Any CPU.ActiveCfg = Debug|Any CPU
		{067359AA-7825-4425-AA71-420329760BF5}.Debug|Any CPU.Build.0 = Debug|Any CPU
		{067359AA-7825-4425-AA71-420329760BF5}.Release|Any CPU.ActiveCfg = Release|Any CPU
		{067359AA-7825-4425-AA71-420329760BF5}.Release|Any CPU.Build.0 = Release|Any CPU
		{72D1C12A-CB56-4A0A-B4BC-2E3280672145}.Debug|Any CPU.ActiveCfg = Debug|Any CPU
		{72D1C12A-CB56-4A0A-B4BC-2E3280672145}.Debug|Any CPU.Build.0 = Debug|Any CPU
		{72D1C12A-CB56-4A0A-B4BC-2E3280672145}.Release|Any CPU.ActiveCfg = Release|Any CPU
		{72D1C12A-CB56-4A0A-B4BC-2E3280672145}.Release|Any CPU.Build.0 = Release|Any CPU
		{0768C0E9-C7E2-4492-96E1-AB157D1A9074}.Debug|Any CPU.ActiveCfg = Debug|Any CPU
		{0768C0E9-C7E2-4492-96E1-AB157D1A9074}.Debug|Any CPU.Build.0 = Debug|Any CPU
		{0768C0E9-C7E2-4492-96E1-AB157D1A9074}.Release|Any CPU.ActiveCfg = Release|Any CPU
		{0768C0E9-C7E2-4492-96E1-AB157D1A9074}.Release|Any CPU.Build.0 = Release|Any CPU
		{7EED6901-4414-44CC-A488-CC60E2EF6E31}.Debug|Any CPU.ActiveCfg = Debug|Any CPU
		{7EED6901-4414-44CC-A488-CC60E2EF6E31}.Debug|Any CPU.Build.0 = Debug|Any CPU
		{7EED6901-4414-44CC-A488-CC60E2EF6E31}.Release|Any CPU.ActiveCfg = Release|Any CPU
		{7EED6901-4414-44CC-A488-CC60E2EF6E31}.Release|Any CPU.Build.0 = Release|Any CPU
		{757CABE7-07A4-45DF-B399-DAD8D9BE3113}.Debug|Any CPU.ActiveCfg = Debug|Any CPU
		{757CABE7-07A4-45DF-B399-DAD8D9BE3113}.Debug|Any CPU.Build.0 = Debug|Any CPU
		{757CABE7-07A4-45DF-B399-DAD8D9BE3113}.Release|Any CPU.ActiveCfg = Release|Any CPU
		{757CABE7-07A4-45DF-B399-DAD8D9BE3113}.Release|Any CPU.Build.0 = Release|Any CPU
		{93E30F01-CD12-4C76-B0F5-2639A59FA944}.Debug|Any CPU.ActiveCfg = Debug|Any CPU
		{93E30F01-CD12-4C76-B0F5-2639A59FA944}.Debug|Any CPU.Build.0 = Debug|Any CPU
		{93E30F01-CD12-4C76-B0F5-2639A59FA944}.Release|Any CPU.ActiveCfg = Release|Any CPU
		{93E30F01-CD12-4C76-B0F5-2639A59FA944}.Release|Any CPU.Build.0 = Release|Any CPU
	EndGlobalSection
	GlobalSection(SolutionProperties) = preSolution
		HideSolutionNode = FALSE
	EndGlobalSection
	GlobalSection(NestedProjects) = preSolution
		{8CE20DE5-3FA6-480D-ADB3-AF50C4D6412C} = {A322DCCA-4448-49E9-A27F-D39E88839B08}
		{D71633D5-D35F-48EE-8088-E7E2E67B337A} = {A80C87AC-D7FC-4A4C-A080-1E60927F0797}
		{067359AA-7825-4425-AA71-420329760BF5} = {1F23C485-B362-4F7E-8A15-7B85EC648808}
		{72D1C12A-CB56-4A0A-B4BC-2E3280672145} = {1F23C485-B362-4F7E-8A15-7B85EC648808}
		{0768C0E9-C7E2-4492-96E1-AB157D1A9074} = {1F23C485-B362-4F7E-8A15-7B85EC648808}
		{7EED6901-4414-44CC-A488-CC60E2EF6E31} = {3E2C841A-913C-4678-BCA4-2E426EEAAF53}
		{757CABE7-07A4-45DF-B399-DAD8D9BE3113} = {A80C87AC-D7FC-4A4C-A080-1E60927F0797}
		{93E30F01-CD12-4C76-B0F5-2639A59FA944} = {1F23C485-B362-4F7E-8A15-7B85EC648808}
	EndGlobalSection
	GlobalSection(ExtensibilityGlobals) = postSolution
		SolutionGuid = {3A3681BB-E959-4913-9E97-AED32E1720BE}
	EndGlobalSection
EndGlobal
